
Microsoft Visual Studio Solution File, Format Version 11.00
# Visual Studio 2010
Project("{FAE04EC0-301F-11D3-BF4B-00C04F79EFBC}") = "SportStore.WebUI", "SportStore.WebUI\SportStore.WebUI.csproj", "{6E1D2A8E-83C0-4A3A-AFF6-E081573E17D0}"
EndProject
Project("{2150E333-8FDC-42A3-9474-1A3956D46DE8}") = "Solution Items", "Solution Items", "{9E37D9EA-31DF-44A6-B82C-D64A9A14B1D6}"
	ProjectSection(SolutionItems) = preProject
		Local.testsettings = Local.testsettings
		SportStore.vsmdi = SportStore.vsmdi
		TraceAndTestImpact.testsettings = TraceAndTestImpact.testsettings
	EndProjectSection
EndProject
Project("{FAE04EC0-301F-11D3-BF4B-00C04F79EFBC}") = "SportStore.Domain", "SportStore.Domain\SportStore.Domain.csproj", "{3FD4E028-1627-40FB-B47C-900F0E51765A}"
EndProject
Project("{FAE04EC0-301F-11D3-BF4B-00C04F79EFBC}") = "SportStore.UnitTest", "SportStore.UnitTest\SportStore.UnitTest.csproj", "{7300D927-224A-4126-A0C8-A9CD6DB1FB63}"
EndProject
Global
	GlobalSection(TestCaseManagementSettings) = postSolution
		CategoryFile = SportStore.vsmdi
	EndGlobalSection
	GlobalSection(SolutionConfigurationPlatforms) = preSolution
		Debug|Any CPU = Debug|Any CPU
		Release|Any CPU = Release|Any CPU
	EndGlobalSection
	GlobalSection(ProjectConfigurationPlatforms) = postSolution
		{6E1D2A8E-83C0-4A3A-AFF6-E081573E17D0}.Debug|Any CPU.ActiveCfg = Debug|Any CPU
		{6E1D2A8E-83C0-4A3A-AFF6-E081573E17D0}.Debug|Any CPU.Build.0 = Debug|Any CPU
		{6E1D2A8E-83C0-4A3A-AFF6-E081573E17D0}.Release|Any CPU.ActiveCfg = Release|Any CPU
		{6E1D2A8E-83C0-4A3A-AFF6-E081573E17D0}.Release|Any CPU.Build.0 = Release|Any CPU
		{3FD4E028-1627-40FB-B47C-900F0E51765A}.Debug|Any CPU.ActiveCfg = Debug|Any CPU
		{3FD4E028-1627-40FB-B47C-900F0E51765A}.Debug|Any CPU.Build.0 = Debug|Any CPU
		{3FD4E028-1627-40FB-B47C-900F0E51765A}.Release|Any CPU.ActiveCfg = Release|Any CPU
		{3FD4E028-1627-40FB-B47C-900F0E51765A}.Release|Any CPU.Build.0 = Release|Any CPU
		{7300D927-224A-4126-A0C8-A9CD6DB1FB63}.Debug|Any CPU.ActiveCfg = Debug|Any CPU
		{7300D927-224A-4126-A0C8-A9CD6DB1FB63}.Debug|Any CPU.Build.0 = Debug|Any CPU
		{7300D927-224A-4126-A0C8-A9CD6DB1FB63}.Release|Any CPU.ActiveCfg = Release|Any CPU
		{7300D927-224A-4126-A0C8-A9CD6DB1FB63}.Release|Any CPU.Build.0 = Release|Any CPU
	EndGlobalSection
	GlobalSection(SolutionProperties) = preSolution
		HideSolutionNode = FALSE
	EndGlobalSection
EndGlobal
